
Microsoft Visual Studio Solution File, Format Version 12.00
# Visual Studio 15
VisualStudioVersion = 15.0.27428.1
MinimumVisualStudioVersion = 10.0.40219.1
Project("{FAE04EC0-301F-11D3-BF4B-00C04F79EFBC}") = "My.Plygrnd.Web", "My-Plygrnd-Web\My.Plygrnd.Web.csproj", "{9F597415-0400-43FF-B49A-626247F6965C}"
EndProject
Project("{00D1A9C2-B5F0-4AF3-8072-F6C62B433612}") = "My.Plygrnd.Db", "My-Plygrnd-Db\My.Plygrnd.Db.sqlproj", "{82589071-04AA-4F07-9639-9D088FB8FD8D}"
EndProject
Project("{9A19103F-16F7-4668-BE54-9A1E7A4F7556}") = "My.Plygrnd.Library", "My.Plygrnd.Library\My.Plygrnd.Library.csproj", "{97F298C9-F70B-4A61-8159-15678F3E63E0}"
EndProject
Global
	GlobalSection(SolutionConfigurationPlatforms) = preSolution
		Debug|Any CPU = Debug|Any CPU
		Release|Any CPU = Release|Any CPU
	EndGlobalSection
	GlobalSection(ProjectConfigurationPlatforms) = postSolution
		{9F597415-0400-43FF-B49A-626247F6965C}.Debug|Any CPU.ActiveCfg = Debug|Any CPU
		{9F597415-0400-43FF-B49A-626247F6965C}.Debug|Any CPU.Build.0 = Debug|Any CPU
		{9F597415-0400-43FF-B49A-626247F6965C}.Release|Any CPU.ActiveCfg = Release|Any CPU
		{9F597415-0400-43FF-B49A-626247F6965C}.Release|Any CPU.Build.0 = Release|Any CPU
		{82589071-04AA-4F07-9639-9D088FB8FD8D}.Debug|Any CPU.ActiveCfg = Debug|Any CPU
		{82589071-04AA-4F07-9639-9D088FB8FD8D}.Debug|Any CPU.Build.0 = Debug|Any CPU
		{82589071-04AA-4F07-9639-9D088FB8FD8D}.Debug|Any CPU.Deploy.0 = Debug|Any CPU
		{82589071-04AA-4F07-9639-9D088FB8FD8D}.Release|Any CPU.ActiveCfg = Release|Any CPU
		{82589071-04AA-4F07-9639-9D088FB8FD8D}.Release|Any CPU.Build.0 = Release|Any CPU
		{82589071-04AA-4F07-9639-9D088FB8FD8D}.Release|Any CPU.Deploy.0 = Release|Any CPU
		{97F298C9-F70B-4A61-8159-15678F3E63E0}.Debug|Any CPU.ActiveCfg = Debug|Any CPU
		{97F298C9-F70B-4A61-8159-15678F3E63E0}.Debug|Any CPU.Build.0 = Debug|Any CPU
		{97F298C9-F70B-4A61-8159-15678F3E63E0}.Release|Any CPU.ActiveCfg = Release|Any CPU
		{97F298C9-F70B-4A61-8159-15678F3E63E0}.Release|Any CPU.Build.0 = Release|Any CPU
	EndGlobalSection
	GlobalSection(SolutionProperties) = preSolution
		HideSolutionNode = FALSE
	EndGlobalSection
	GlobalSection(ExtensibilityGlobals) = postSolution
		SolutionGuid = {16BA93A3-9B7E-4597-825C-9AA3C783F6E4}
	EndGlobalSection
EndGlobal
